
Microsoft Visual Studio Solution File, Format Version 12.00
# Visual Studio Version 17
VisualStudioVersion = 17.14.36705.20 d17.14
MinimumVisualStudioVersion = 10.0.40219.1
Project("{FAE04EC0-301F-11D3-BF4B-00C04F79EFBC}") = "benchmark-generator", "benchmark-generator.csproj", "{38C7244C-ABEC-CD2F-674E-12D27AF69E1E}"
EndProject
Global
	GlobalSection(SolutionConfigurationPlatforms) = preSolution
		Debug|Any CPU = Debug|Any CPU
		Release|Any CPU = Release|Any CPU
	EndGlobalSection
	GlobalSection(ProjectConfigurationPlatforms) = postSolution
		{38C7244C-ABEC-CD2F-674E-12D27AF69E1E}.Debug|Any CPU.ActiveCfg = Debug|Any CPU
		{38C7244C-ABEC-CD2F-674E-12D27AF69E1E}.Debug|Any CPU.Build.0 = Debug|Any CPU
		{38C7244C-ABEC-CD2F-674E-12D27AF69E1E}.Release|Any CPU.ActiveCfg = Release|Any CPU
		{38C7244C-ABEC-CD2F-674E-12D27AF69E1E}.Release|Any CPU.Build.0 = Release|Any CPU
	EndGlobalSection
	GlobalSection(SolutionProperties) = preSolution
		HideSolutionNode = FALSE
	EndGlobalSection
	GlobalSection(ExtensibilityGlobals) = postSolution
		SolutionGuid = {26BCD24A-5D65-4755-AE1B-FF87BB77AEF6}
	EndGlobalSection
EndGlobal
